
Microsoft Visual Studio Solution File, Format Version 12.00
# Visual Studio Version 16
VisualStudioVersion = 16.0.28803.352
MinimumVisualStudioVersion = 15.0.26124.0
Project("{9A19103F-16F7-4668-BE54-9A1E7A4F7556}") = "Harmonic", "Harmonic\Harmonic.csproj", "{687B914B-94EB-417A-992B-0B1EFD0623C2}"
EndProject
Project("{9A19103F-16F7-4668-BE54-9A1E7A4F7556}") = "UnitTest", "UnitTest\UnitTest.csproj", "{A79FD57F-233E-4DB9-8A29-79F24ADE5EE8}"
EndProject
Project("{9A19103F-16F7-4668-BE54-9A1E7A4F7556}") = "PowerStreamServer", "PowerStreamServer\PowerStreamServer.csproj", "{986D043B-34A6-4DE9-949E-98472E65EC18}"
EndProject
Project("{9A19103F-16F7-4668-BE54-9A1E7A4F7556}") = "Tianyikandian", "Tianyikandian\Tianyikandian.csproj", "{0A7A3AFD-9658-4DE9-985E-81CD4D505C54}"
EndProject
Project("{9A19103F-16F7-4668-BE54-9A1E7A4F7556}") = "Tianyikandian.Service", "Tianyikandian.Service\Tianyikandian.Service.csproj", "{DDB6FCAC-B53D-488A-A262-B214A40F6CEB}"
EndProject
Project("{FAE04EC0-301F-11D3-BF4B-00C04F79EFBC}") = "TykdService", "TykdService\TykdService.csproj", "{C66122AD-042E-43EA-98D6-2C178A47A17C}"
EndProject
Project("{9A19103F-16F7-4668-BE54-9A1E7A4F7556}") = "Xabe.FFmpeg", "Xabe.FFmpeg\Xabe.FFmpeg.csproj", "{41DF6FEA-BA8E-4BB5-8EDE-D4E165CCEC28}"
EndProject
Global
	GlobalSection(SolutionConfigurationPlatforms) = preSolution
		Debug|Any CPU = Debug|Any CPU
		Debug|x86 = Debug|x86
		Release|Any CPU = Release|Any CPU
		Release|x86 = Release|x86
	EndGlobalSection
	GlobalSection(ProjectConfigurationPlatforms) = postSolution
		{687B914B-94EB-417A-992B-0B1EFD0623C2}.Debug|Any CPU.ActiveCfg = Debug|Any CPU
		{687B914B-94EB-417A-992B-0B1EFD0623C2}.Debug|Any CPU.Build.0 = Debug|Any CPU
		{687B914B-94EB-417A-992B-0B1EFD0623C2}.Debug|x86.ActiveCfg = Debug|Any CPU
		{687B914B-94EB-417A-992B-0B1EFD0623C2}.Debug|x86.Build.0 = Debug|Any CPU
		{687B914B-94EB-417A-992B-0B1EFD0623C2}.Release|Any CPU.ActiveCfg = Release|Any CPU
		{687B914B-94EB-417A-992B-0B1EFD0623C2}.Release|Any CPU.Build.0 = Release|Any CPU
		{687B914B-94EB-417A-992B-0B1EFD0623C2}.Release|x86.ActiveCfg = Release|Any CPU
		{687B914B-94EB-417A-992B-0B1EFD0623C2}.Release|x86.Build.0 = Release|Any CPU
		{A79FD57F-233E-4DB9-8A29-79F24ADE5EE8}.Debug|Any CPU.ActiveCfg = Debug|Any CPU
		{A79FD57F-233E-4DB9-8A29-79F24ADE5EE8}.Debug|Any CPU.Build.0 = Debug|Any CPU
		{A79FD57F-233E-4DB9-8A29-79F24ADE5EE8}.Debug|x86.ActiveCfg = Debug|Any CPU
		{A79FD57F-233E-4DB9-8A29-79F24ADE5EE8}.Debug|x86.Build.0 = Debug|Any CPU
		{A79FD57F-233E-4DB9-8A29-79F24ADE5EE8}.Release|Any CPU.ActiveCfg = Release|Any CPU
		{A79FD57F-233E-4DB9-8A29-79F24ADE5EE8}.Release|Any CPU.Build.0 = Release|Any CPU
		{A79FD57F-233E-4DB9-8A29-79F24ADE5EE8}.Release|x86.ActiveCfg = Release|Any CPU
		{A79FD57F-233E-4DB9-8A29-79F24ADE5EE8}.Release|x86.Build.0 = Release|Any CPU
		{986D043B-34A6-4DE9-949E-98472E65EC18}.Debug|Any CPU.ActiveCfg = Debug|Any CPU
		{986D043B-34A6-4DE9-949E-98472E65EC18}.Debug|Any CPU.Build.0 = Debug|Any CPU
		{986D043B-34A6-4DE9-949E-98472E65EC18}.Debug|x86.ActiveCfg = Debug|Any CPU
		{986D043B-34A6-4DE9-949E-98472E65EC18}.Debug|x86.Build.0 = Debug|Any CPU
		{986D043B-34A6-4DE9-949E-98472E65EC18}.Release|Any CPU.ActiveCfg = Release|Any CPU
		{986D043B-34A6-4DE9-949E-98472E65EC18}.Release|Any CPU.Build.0 = Release|Any CPU
		{986D043B-34A6-4DE9-949E-98472E65EC18}.Release|x86.ActiveCfg = Release|Any CPU
		{986D043B-34A6-4DE9-949E-98472E65EC18}.Release|x86.Build.0 = Release|Any CPU
		{0A7A3AFD-9658-4DE9-985E-81CD4D505C54}.Debug|Any CPU.ActiveCfg = Debug|Any CPU
		{0A7A3AFD-9658-4DE9-985E-81CD4D505C54}.Debug|Any CPU.Build.0 = Debug|Any CPU
		{0A7A3AFD-9658-4DE9-985E-81CD4D505C54}.Debug|x86.ActiveCfg = Debug|Any CPU
		{0A7A3AFD-9658-4DE9-985E-81CD4D505C54}.Debug|x86.Build.0 = Debug|Any CPU
		{0A7A3AFD-9658-4DE9-985E-81CD4D505C54}.Release|Any CPU.ActiveCfg = Release|Any CPU
		{0A7A3AFD-9658-4DE9-985E-81CD4D505C54}.Release|Any CPU.Build.0 = Release|Any CPU
		{0A7A3AFD-9658-4DE9-985E-81CD4D505C54}.Release|x86.ActiveCfg = Release|Any CPU
		{0A7A3AFD-9658-4DE9-985E-81CD4D505C54}.Release|x86.Build.0 = Release|Any CPU
		{DDB6FCAC-B53D-488A-A262-B214A40F6CEB}.Debug|Any CPU.ActiveCfg = Debug|Any CPU
		{DDB6FCAC-B53D-488A-A262-B214A40F6CEB}.Debug|Any CPU.Build.0 = Debug|Any CPU
		{DDB6FCAC-B53D-488A-A262-B214A40F6CEB}.Debug|x86.ActiveCfg = Debug|Any CPU
		{DDB6FCAC-B53D-488A-A262-B214A40F6CEB}.Debug|x86.Build.0 = Debug|Any CPU
		{DDB6FCAC-B53D-488A-A262-B214A40F6CEB}.Release|Any CPU.ActiveCfg = Release|Any CPU
		{DDB6FCAC-B53D-488A-A262-B214A40F6CEB}.Release|Any CPU.Build.0 = Release|Any CPU
		{DDB6FCAC-B53D-488A-A262-B214A40F6CEB}.Release|x86.ActiveCfg = Release|Any CPU
		{DDB6FCAC-B53D-488A-A262-B214A40F6CEB}.Release|x86.Build.0 = Release|Any CPU
		{C66122AD-042E-43EA-98D6-2C178A47A17C}.Debug|Any CPU.ActiveCfg = Debug|Any CPU
		{C66122AD-042E-43EA-98D6-2C178A47A17C}.Debug|Any CPU.Build.0 = Debug|Any CPU
		{C66122AD-042E-43EA-98D6-2C178A47A17C}.Debug|x86.ActiveCfg = Debug|Any CPU
		{C66122AD-042E-43EA-98D6-2C178A47A17C}.Debug|x86.Build.0 = Debug|Any CPU
		{C66122AD-042E-43EA-98D6-2C178A47A17C}.Release|Any CPU.ActiveCfg = Release|Any CPU
		{C66122AD-042E-43EA-98D6-2C178A47A17C}.Release|Any CPU.Build.0 = Release|Any CPU
		{C66122AD-042E-43EA-98D6-2C178A47A17C}.Release|x86.ActiveCfg = Release|Any CPU
		{C66122AD-042E-43EA-98D6-2C178A47A17C}.Release|x86.Build.0 = Release|Any CPU
		{41DF6FEA-BA8E-4BB5-8EDE-D4E165CCEC28}.Debug|Any CPU.ActiveCfg = Debug|Any CPU
		{41DF6FEA-BA8E-4BB5-8EDE-D4E165CCEC28}.Debug|Any CPU.Build.0 = Debug|Any CPU
		{41DF6FEA-BA8E-4BB5-8EDE-D4E165CCEC28}.Debug|x86.ActiveCfg = Debug|Any CPU
		{41DF6FEA-BA8E-4BB5-8EDE-D4E165CCEC28}.Debug|x86.Build.0 = Debug|Any CPU
		{41DF6FEA-BA8E-4BB5-8EDE-D4E165CCEC28}.Release|Any CPU.ActiveCfg = Release|Any CPU
		{41DF6FEA-BA8E-4BB5-8EDE-D4E165CCEC28}.Release|Any CPU.Build.0 = Release|Any CPU
		{41DF6FEA-BA8E-4BB5-8EDE-D4E165CCEC28}.Release|x86.ActiveCfg = Release|Any CPU
		{41DF6FEA-BA8E-4BB5-8EDE-D4E165CCEC28}.Release|x86.Build.0 = Release|Any CPU
	EndGlobalSection
	GlobalSection(SolutionProperties) = preSolution
		HideSolutionNode = FALSE
	EndGlobalSection
	GlobalSection(ExtensibilityGlobals) = postSolution
		SolutionGuid = {62AAD21C-2BDF-4259-A92E-C9A9BB35716B}
	EndGlobalSection
EndGlobal
